
Microsoft Visual Studio Solution File, Format Version 12.00
Project("{FAE04EC0-301F-11D3-BF4B-00C04F79EFBC}") = "Mission8Assignment", "Mission8Assignment.csproj", "{8645833F-CF02-4D5C-B799-B41364A8FF4E}"
EndProject
Global
	GlobalSection(SolutionConfigurationPlatforms) = preSolution
		Debug|Any CPU = Debug|Any CPU
		Release|Any CPU = Release|Any CPU
	EndGlobalSection
	GlobalSection(ProjectConfigurationPlatforms) = postSolution
		{8645833F-CF02-4D5C-B799-B41364A8FF4E}.Debug|Any CPU.ActiveCfg = Debug|Any CPU
		{8645833F-CF02-4D5C-B799-B41364A8FF4E}.Debug|Any CPU.Build.0 = Debug|Any CPU
		{8645833F-CF02-4D5C-B799-B41364A8FF4E}.Release|Any CPU.ActiveCfg = Release|Any CPU
		{8645833F-CF02-4D5C-B799-B41364A8FF4E}.Release|Any CPU.Build.0 = Release|Any CPU
	EndGlobalSection
EndGlobal
